
Microsoft Visual Studio Solution File, Format Version 12.00
# Visual Studio Version 16
VisualStudioVersion = 16.0.30907.101
MinimumVisualStudioVersion = 10.0.40219.1
Project("{9A19103F-16F7-4668-BE54-9A1E7A4F7556}") = "ReCapProject", "ReCapProject\ReCapProject.csproj", "{307CAE15-88D2-48B9-9060-713FB407B179}"
EndProject
Project("{9A19103F-16F7-4668-BE54-9A1E7A4F7556}") = "Business", "Business\Business.csproj", "{DD089429-DAEC-4D53-AC6C-CE577099386D}"
EndProject
Project("{9A19103F-16F7-4668-BE54-9A1E7A4F7556}") = "DataAccess", "DataAccess\DataAccess.csproj", "{85279415-3EBC-4DA7-A87B-2E376D7E73F0}"
EndProject
Project("{9A19103F-16F7-4668-BE54-9A1E7A4F7556}") = "Entities", "Entities\Entities.csproj", "{7CF9EA39-72DD-4B7C-9CD9-667DB2DCA2B4}"
EndProject
Project("{9A19103F-16F7-4668-BE54-9A1E7A4F7556}") = "Core", "Core\Core.csproj", "{0503D72A-6DAD-426B-BC0A-3959021FD666}"
EndProject
Project("{FAE04EC0-301F-11D3-BF4B-00C04F79EFBC}") = "WebAPI", "WebAPI\WebAPI.csproj", "{43818220-3DD4-4C5C-9B30-85468916EE15}"
EndProject
Global
	GlobalSection(SolutionConfigurationPlatforms) = preSolution
		Debug|Any CPU = Debug|Any CPU
		Release|Any CPU = Release|Any CPU
	EndGlobalSection
	GlobalSection(ProjectConfigurationPlatforms) = postSolution
		{307CAE15-88D2-48B9-9060-713FB407B179}.Debug|Any CPU.ActiveCfg = Debug|Any CPU
		{307CAE15-88D2-48B9-9060-713FB407B179}.Debug|Any CPU.Build.0 = Debug|Any CPU
		{307CAE15-88D2-48B9-9060-713FB407B179}.Release|Any CPU.ActiveCfg = Release|Any CPU
		{307CAE15-88D2-48B9-9060-713FB407B179}.Release|Any CPU.Build.0 = Release|Any CPU
		{DD089429-DAEC-4D53-AC6C-CE577099386D}.Debug|Any CPU.ActiveCfg = Debug|Any CPU
		{DD089429-DAEC-4D53-AC6C-CE577099386D}.Debug|Any CPU.Build.0 = Debug|Any CPU
		{DD089429-DAEC-4D53-AC6C-CE577099386D}.Release|Any CPU.ActiveCfg = Release|Any CPU
		{DD089429-DAEC-4D53-AC6C-CE577099386D}.Release|Any CPU.Build.0 = Release|Any CPU
		{85279415-3EBC-4DA7-A87B-2E376D7E73F0}.Debug|Any CPU.ActiveCfg = Debug|Any CPU
		{85279415-3EBC-4DA7-A87B-2E376D7E73F0}.Debug|Any CPU.Build.0 = Debug|Any CPU
		{85279415-3EBC-4DA7-A87B-2E376D7E73F0}.Release|Any CPU.ActiveCfg = Release|Any CPU
		{85279415-3EBC-4DA7-A87B-2E376D7E73F0}.Release|Any CPU.Build.0 = Release|Any CPU
		{7CF9EA39-72DD-4B7C-9CD9-667DB2DCA2B4}.Debug|Any CPU.ActiveCfg = Debug|Any CPU
		{7CF9EA39-72DD-4B7C-9CD9-667DB2DCA2B4}.Debug|Any CPU.Build.0 = Debug|Any CPU
		{7CF9EA39-72DD-4B7C-9CD9-667DB2DCA2B4}.Release|Any CPU.ActiveCfg = Release|Any CPU
		{7CF9EA39-72DD-4B7C-9CD9-667DB2DCA2B4}.Release|Any CPU.Build.0 = Release|Any CPU
		{0503D72A-6DAD-426B-BC0A-3959021FD666}.Debug|Any CPU.ActiveCfg = Debug|Any CPU
		{0503D72A-6DAD-426B-BC0A-3959021FD666}.Debug|Any CPU.Build.0 = Debug|Any CPU
		{0503D72A-6DAD-426B-BC0A-3959021FD666}.Release|Any CPU.ActiveCfg = Release|Any CPU
		{0503D72A-6DAD-426B-BC0A-3959021FD666}.Release|Any CPU.Build.0 = Release|Any CPU
		{43818220-3DD4-4C5C-9B30-85468916EE15}.Debug|Any CPU.ActiveCfg = Debug|Any CPU
		{43818220-3DD4-4C5C-9B30-85468916EE15}.Debug|Any CPU.Build.0 = Debug|Any CPU
		{43818220-3DD4-4C5C-9B30-85468916EE15}.Release|Any CPU.ActiveCfg = Release|Any CPU
		{43818220-3DD4-4C5C-9B30-85468916EE15}.Release|Any CPU.Build.0 = Release|Any CPU
	EndGlobalSection
	GlobalSection(SolutionProperties) = preSolution
		HideSolutionNode = FALSE
	EndGlobalSection
	GlobalSection(ExtensibilityGlobals) = postSolution
		SolutionGuid = {D300D5F8-5B9A-49B9-AE8F-9A1F5E52B8CD}
	EndGlobalSection
EndGlobal
